
Microsoft Visual Studio Solution File, Format Version 12.00
# Visual Studio Version 16
VisualStudioVersion = 16.0.31005.135
MinimumVisualStudioVersion = 10.0.40219.1
Project("{FAE04EC0-301F-11D3-BF4B-00C04F79EFBC}") = "ClassMetotDemo", "ClassMetotDemo.csproj", "{64BB586D-A343-44A7-A91A-5397EA342A4E}"
EndProject
Global
	GlobalSection(SolutionConfigurationPlatforms) = preSolution
		Debug|Any CPU = Debug|Any CPU
		Release|Any CPU = Release|Any CPU
	EndGlobalSection
	GlobalSection(ProjectConfigurationPlatforms) = postSolution
		{64BB586D-A343-44A7-A91A-5397EA342A4E}.Debug|Any CPU.ActiveCfg = Debug|Any CPU
		{64BB586D-A343-44A7-A91A-5397EA342A4E}.Debug|Any CPU.Build.0 = Debug|Any CPU
		{64BB586D-A343-44A7-A91A-5397EA342A4E}.Release|Any CPU.ActiveCfg = Release|Any CPU
		{64BB586D-A343-44A7-A91A-5397EA342A4E}.Release|Any CPU.Build.0 = Release|Any CPU
	EndGlobalSection
	GlobalSection(SolutionProperties) = preSolution
		HideSolutionNode = FALSE
	EndGlobalSection
	GlobalSection(ExtensibilityGlobals) = postSolution
		SolutionGuid = {20CD7B03-3EB3-44F1-8F13-2C3B30A9A71A}
	EndGlobalSection
EndGlobal
